{
  "name": "@dcl/amd",
  "version": "0.0.0",
  "lockfileVersion": 2,
  "requires": true,
  "packages": {
    "": {
      "name": "@dcl/amd",
      "version": "0.0.0",
      "license": "MIT",
      "devDependencies": {
        "@beland/posix": "^1.0.0"
      }
    },
    "node_modules/@beland/posix": {
      "version": "1.0.0",
      "resolved": "https://registry.npmjs.org/@beland/posix/-/posix-1.0.0.tgz",
      "integrity": "sha512-O5kKsWpd9kuMhMwkvbLSopNe60mozpQ4W4RCuPG23LJ+vqodFa8e4xUNQKV4yojWUChQIdDSsnRQJSSkJXef1A==",
      "dev": true
    }
  },
  "dependencies": {
    "@beland/posix": {
      "version": "1.0.0",
      "resolved": "https://registry.npmjs.org/@beland/posix/-/posix-1.0.0.tgz",
      "integrity": "sha512-O5kKsWpd9kuMhMwkvbLSopNe60mozpQ4W4RCuPG23LJ+vqodFa8e4xUNQKV4yojWUChQIdDSsnRQJSSkJXef1A==",
      "dev": true
    }
  }
}
